<?xml version="1.0"?>
<CONFIG>
  <ProjectOptions>
    <PathDelim Value="/"/>
    <Version Value="5"/>
    <General>
      <Flags>
        <AlwaysBuild Value="False"/>
      </Flags>
      <MainUnit Value="0"/>
      <IconPath Value="./"/>
      <TargetFileExt Value=""/>
      <ActiveEditorIndexAtStart Value="0"/>
    </General>
    <PublishOptions>
      <Version Value="2"/>
      <IgnoreBinaries Value="False"/>
      <IncludeFileFilter Value="*.(pas|pp|inc|lfm|lpr|lrs|lpi|lpk|sh|xml)"/>
      <ExcludeFileFilter Value="*.(bak|ppu|ppw|o|so);*~;backup"/>
    </PublishOptions>
    <RunParams>
      <local>
        <FormatVersion Value="1"/>
        <LaunchingApplication PathPlusParams="/usr/X11R6/bin/xterm -T 'Lazarus Run Output' -e $(LazarusDir)/tools/runwait.sh $(TargetCmdLine)"/>
      </local>
    </RunParams>
    <RequiredPackages Count="2">
      <Item1>
        <PackageName Value="libsql"/>
        <MinVersion Valid="True"/>
      </Item1>
      <Item2>
        <PackageName Value="LCL"/>
      </Item2>
    </RequiredPackages>
    <Units Count="17">
      <Unit0>
        <Filename Value="project1.lpr"/>
        <IsPartOfProject Value="True"/>
        <UnitName Value="project1"/>
        <UsageCount Value="26"/>
      </Unit0>
      <Unit1>
        <Filename Value="unit1.pas"/>
        <ComponentName Value="Form1"/>
        <IsPartOfProject Value="True"/>
        <ResourceFilename Value="unit1.lrs"/>
        <UnitName Value="Unit1"/>
        <CursorPos X="23" Y="55"/>
        <TopLine Value="38"/>
        <EditorIndex Value="0"/>
        <UsageCount Value="26"/>
        <Loaded Value="True"/>
      </Unit1>
      <Unit2>
        <Filename Value="../libmysql.pas"/>
        <UnitName Value="libmysql"/>
        <CursorPos X="14" Y="72"/>
        <TopLine Value="68"/>
        <EditorIndex Value="2"/>
        <UsageCount Value="11"/>
        <Loaded Value="True"/>
      </Unit2>
      <Unit3>
        <Filename Value="/usr/local/share/fpcsrc/rtl/unix/dynlibs.inc"/>
        <CursorPos X="20" Y="24"/>
        <TopLine Value="8"/>
        <UsageCount Value="10"/>
      </Unit3>
      <Unit4>
        <Filename Value="/usr/local/share/fpcsrc/rtl/inc/systemh.inc"/>
        <CursorPos X="16" Y="187"/>
        <TopLine Value="171"/>
        <UsageCount Value="10"/>
      </Unit4>
      <Unit5>
        <Filename Value="../passqlite.pas"/>
        <UnitName Value="passqlite"/>
        <CursorPos X="9" Y="39"/>
        <TopLine Value="35"/>
        <UsageCount Value="10"/>
      </Unit5>
      <Unit6>
        <Filename Value="../libsqlite.pas"/>
        <UnitName Value="libsqlite"/>
        <CursorPos X="112" Y="66"/>
        <TopLine Value="42"/>
        <UsageCount Value="10"/>
      </Unit6>
      <Unit7>
        <Filename Value="../libsqlite3.pas"/>
        <UnitName Value="libsqlite3"/>
        <CursorPos X="123" Y="88"/>
        <TopLine Value="71"/>
        <UsageCount Value="10"/>
      </Unit7>
      <Unit8>
        <Filename Value="../pasthreadedsqlite.pas"/>
        <UnitName Value="pasthreadedsqlite"/>
        <CursorPos X="29" Y="44"/>
        <TopLine Value="33"/>
        <UsageCount Value="10"/>
      </Unit8>
      <Unit9>
        <Filename Value="../pasodbc.pas"/>
        <UnitName Value="pasodbc"/>
        <CursorPos X="1" Y="1"/>
        <TopLine Value="1"/>
        <UsageCount Value="10"/>
      </Unit9>
      <Unit10>
        <Filename Value="../libodbc32.pas"/>
        <UnitName Value="libodbc32"/>
        <CursorPos X="83" Y="551"/>
        <TopLine Value="535"/>
        <UsageCount Value="10"/>
      </Unit10>
      <Unit11>
        <Filename Value="../pasjansql.pas"/>
        <UnitName Value="pasjansql"/>
        <CursorPos X="53" Y="14"/>
        <TopLine Value="1"/>
        <UsageCount Value="10"/>
      </Unit11>
      <Unit12>
        <Filename Value="../jansql/janSQL.pas"/>
        <UnitName Value="janSQL"/>
        <CursorPos X="39" Y="52"/>
        <TopLine Value="543"/>
        <UsageCount Value="10"/>
      </Unit12>
      <Unit13>
        <Filename Value="../sqlcomponents.pas"/>
        <UnitName Value="sqlcomponents"/>
        <CursorPos X="93" Y="17"/>
        <TopLine Value="1"/>
        <UsageCount Value="10"/>
      </Unit13>
      <Unit14>
        <Filename Value="../lsdatasetbase.pas"/>
        <UnitName Value="lsdatasetbase"/>
        <CursorPos X="68" Y="14"/>
        <TopLine Value="9"/>
        <UsageCount Value="10"/>
      </Unit14>
      <Unit15>
        <Filename Value="../../../cu_database.pas"/>
        <UnitName Value="cu_database"/>
        <CursorPos X="11" Y="270"/>
        <TopLine Value="262"/>
        <UsageCount Value="10"/>
      </Unit15>
      <Unit16>
        <Filename Value="../pasmysql.pas"/>
        <UnitName Value="pasmysql"/>
        <CursorPos X="10" Y="18"/>
        <TopLine Value="1"/>
        <EditorIndex Value="1"/>
        <UsageCount Value="10"/>
        <Loaded Value="True"/>
      </Unit16>
    </Units>
    <JumpHistory Count="4" HistoryIndex="3">
      <Position1>
        <Filename Value="unit1.pas"/>
        <Caret Line="7" Column="17" TopLine="1"/>
      </Position1>
      <Position2>
        <Filename Value="../pasmysql.pas"/>
        <Caret Line="18" Column="10" TopLine="1"/>
      </Position2>
      <Position3>
        <Filename Value="../libmysql.pas"/>
        <Caret Line="12" Column="61" TopLine="1"/>
      </Position3>
      <Position4>
        <Filename Value="unit1.pas"/>
        <Caret Line="89" Column="4" TopLine="70"/>
      </Position4>
    </JumpHistory>
  </ProjectOptions>
  <CompilerOptions>
    <Version Value="5"/>
    <SearchPaths>
      <SrcPath Value="$(LazarusDir)/lcl/;$(LazarusDir)/lcl/interfaces/$(LCLWidgetType)/"/>
    </SearchPaths>
    <CodeGeneration>
      <Generate Value="Faster"/>
    </CodeGeneration>
    <Linking>
      <Debugging>
        <GenerateDebugInfo Value="True"/>
      </Debugging>
      <Options>
        <Win32>
          <GraphicApplication Value="True"/>
        </Win32>
      </Options>
    </Linking>
    <Other>
      <CompilerPath Value="$(CompPath)"/>
    </Other>
  </CompilerOptions>
</CONFIG>
