<?xml version="1.0"?>
<CONFIG>
  <ProjectOptions>
    <PathDelim Value="/"/>
    <Version Value="6"/>
    <General>
      <SessionStorage Value="InProjectDir"/>
      <MainUnit Value="0"/>
      <IconPath Value="./"/>
      <TargetFileExt Value=".exe"/>
      <Title Value="varobs"/>
      <UseXPManifest Value="True"/>
    </General>
    <VersionInfo>
      <ProjectVersion Value=""/>
    </VersionInfo>
    <PublishOptions>
      <Version Value="2"/>
      <IncludeFileFilter Value="*.(pas|pp|inc|lfm|lpr|lrs|lpi|lpk|sh|xml)"/>
      <ExcludeFileFilter Value="*.(bak|ppu|ppw|o|so);*~;backup"/>
    </PublishOptions>
    <RunParams>
      <local>
        <FormatVersion Value="1"/>
        <LaunchingApplication PathPlusParams="/usr/X11R6/bin/xterm -T 'Lazarus Run Output' -e $(LazarusDir)/tools/runwait.sh $(TargetCmdLine)"/>
        <WorkingDirectory Value="/home/cdc/varobs"/>
      </local>
    </RunParams>
    <RequiredPackages Count="4">
      <Item1>
        <PackageName Value="LCL"/>
      </Item1>
      <Item2>
        <PackageName Value="Printer4Lazarus"/>
        <MinVersion Minor="5" Valid="True"/>
      </Item2>
      <Item3>
        <PackageName Value="CDCjdcalendar"/>
        <MinVersion Valid="True"/>
      </Item3>
      <Item4>
        <PackageName Value="downldialog"/>
        <MinVersion Valid="True"/>
      </Item4>
    </RequiredPackages>
    <Units Count="8">
      <Unit0>
        <Filename Value="varobs.lpr"/>
        <IsPartOfProject Value="True"/>
        <UnitName Value="varobs"/>
      </Unit0>
      <Unit1>
        <Filename Value="detail1.pas"/>
        <ComponentName Value="DetailForm"/>
        <HasResources Value="True"/>
        <IsPartOfProject Value="True"/>
        <ResourceFilename Value="detail1.lrs"/>
        <UnitName Value="detail1"/>
      </Unit1>
      <Unit2>
        <Filename Value="ObsUnit.pas"/>
        <ComponentName Value="ObsForm"/>
        <HasResources Value="True"/>
        <IsPartOfProject Value="True"/>
        <ResourceFilename Value="ObsUnit.lrs"/>
        <UnitName Value="ObsUnit"/>
      </Unit2>
      <Unit3>
        <Filename Value="variables1.pas"/>
        <ComponentName Value="VarForm"/>
        <HasResources Value="True"/>
        <IsPartOfProject Value="True"/>
        <ResourceFilename Value="variables1.lrs"/>
        <UnitName Value="variables1"/>
      </Unit3>
      <Unit4>
        <Filename Value="aavsochart.pas"/>
        <ComponentName Value="chartform"/>
        <HasResources Value="True"/>
        <IsPartOfProject Value="True"/>
        <ResourceFilename Value="aavsochart.lrs"/>
        <UnitName Value="aavsochart"/>
      </Unit4>
      <Unit5>
        <Filename Value="SettingUnit.pas"/>
        <ComponentName Value="OptForm"/>
        <HasResources Value="True"/>
        <IsPartOfProject Value="True"/>
        <ResourceFilename Value="SettingUnit.lrs"/>
        <UnitName Value="SettingUnit"/>
      </Unit5>
      <Unit6>
        <Filename Value="splashunit.pas"/>
        <ComponentName Value="splash"/>
        <HasResources Value="True"/>
        <IsPartOfProject Value="True"/>
        <ResourceFilename Value="splashunit.lrs"/>
        <UnitName Value="splashunit"/>
      </Unit6>
      <Unit7>
        <Filename Value="u_param.pas"/>
        <IsPartOfProject Value="True"/>
        <UnitName Value="u_param"/>
      </Unit7>
    </Units>
  </ProjectOptions>
  <CompilerOptions>
    <Version Value="5"/>
    <SearchPaths>
      <UnitOutputDirectory Value="units"/>
    </SearchPaths>
    <CodeGeneration>
      <Generate Value="Faster"/>
    </CodeGeneration>
    <Linking>
      <Debugging>
        <GenerateDebugInfo Value="True"/>
      </Debugging>
      <Options>
        <Win32>
          <GraphicApplication Value="True"/>
        </Win32>
      </Options>
    </Linking>
    <Other>
      <CustomOptions Value="-dUseCThreads"/>
      <CompilerPath Value="$(CompPath)"/>
    </Other>
  </CompilerOptions>
</CONFIG>
