<?xml version="1.0"?>
<CONFIG>
  <ProjectOptions>
    <PathDelim Value="/"/>
    <Version Value="6"/>
    <General>
      <Flags>
        <SaveClosedFiles Value="False"/>
        <SaveOnlyProjectUnits Value="True"/>
        <AlwaysBuild Value="False"/>
      </Flags>
      <SessionStorage Value="InProjectDir"/>
      <MainUnit Value="0"/>
      <TargetFileExt Value=".exe"/>
      <Title Value="Cartes du Ciel"/>
      <Icon Value="AAABAAEAICAAAAEACACoCAAAFgAAACgAAAAgAAAAQAAAAAEACAAAAAAAgAQAAAAAAAAAAAAAAAAAAAAAAAAAAAAAAACAAACAAAAAgIAAgAAAAIAAgACAgAAAwMDAAMDcwADwyqYA1PD/ALHi/wCO1P8Aa8b/AEi4/wAlqv8AAKr/AACS3AAAerkAAGKWAABKcwAAMlAA1OP/ALHH/wCOq/8Aa4//AEhz/wAlV/8AAFX/AABJ3AAAPbkAADGWAAAlcwAAGVAA1NT/ALGx/wCOjv8Aa2v/AEhI/wAlJf8AAAD+AAAA3AAAALkAAACWAAAAcwAAAFAA49T/AMex/wCrjv8Aj2v/AHNI/wBXJf8AVQD/AEkA3AA9ALkAMQCWACUAcwAZAFAA8NT/AOKx/wDUjv8Axmv/ALhI/wCqJf8AqgD/AJIA3AB6ALkAYgCWAEoAcwAyAFAA/9T/AP+x/wD/jv8A/2v/AP9I/wD/Jf8A/gD+ANwA3AC5ALkAlgCWAHMAcwBQAFAA/9TwAP+x4gD/jtQA/2vGAP9IuAD/JaoA/wCqANwAkgC5AHoAlgBiAHMASgBQADIA/9TjAP+xxwD/jqsA/2uPAP9IcwD/JVcA/wBVANwASQC5AD0AlgAxAHMAJQBQABkA/9TUAP+xsQD/jo4A/2trAP9ISAD/JSUA/gAAANwAAAC5AAAAlgAAAHMAAABQAAAA/+PUAP/HsQD/q44A/49rAP9zSAD/VyUA/1UAANxJAAC5PQAAljEAAHMlAABQGQAA//DUAP/isQD/1I4A/8ZrAP+4SAD/qiUA/6oAANySAAC5egAAlmIAAHNKAABQMgAA///UAP//sQD//44A//9rAP//SAD//yUA/v4AANzcAAC5uQAAlpYAAHNzAABQUAAA8P/UAOL/sQDU/44Axv9rALj/SACq/yUAqv8AAJLcAAB6uQAAYpYAAEpzAAAyUAAA4//UAMf/sQCr/44Aj/9rAHP/SABX/yUAVf8AAEncAAA9uQAAMZYAACVzAAAZUAAA1P/UALH/sQCO/44Aa/9rAEj/SAAl/yUAAP4AAADcAAAAuQAAAJYAAABzAAAAUAAA1P/jALH/xwCO/6sAa/+PAEj/cwAl/1cAAP9VAADcSQAAuT0AAJYxAABzJQAAUBkA1P/wALH/4gCO/9QAa//GAEj/uAAl/6oAAP+qAADckgAAuXoAAJZiAABzSgAAUDIA1P//ALH//wCO//8Aa///AEj//wAl//8AAP7+AADc3AAAubkAAJaWAABzcwAAUFAA8vLyAObm5gDa2toAzs7OAMLCwgC2trYAqqqqAJ6engCSkpIAhoaGAHp6egBubm4AYmJiAFZWVgBKSkoAPj4+ADIyMgAmJiYAGhoaAA4ODgDw+/8ApKCgAICAgAAAAP8AAP8AAAD//wD/AAAA/wD/AP//AAD///8AAAAAAAAAAAAAAAAAAAAAAAAAAAAAAAAAAAAAAAAAAAAAAAAAAAAAAAAAAAAAAAAAAAAAAAAAAAAAAAAAAAAAAAAAAAAAAAAAAAAAAAAAAAAAAAAAAAAAAAAA8vDw8PHyAAAAAAAAAAAAAAAAAAAAAAAAAADz8vLx7+7t7e7u7u8AAAD07+7v8QAAAAAAAPPx8/Xz7ev4+Ozs7e3t7u7u7/Dt6ufn5+jo6vEAAPXw6urq6uvr+Pjs7O3t7e7u7u7v5+fn5+jo6Pf39+rr6vfq6urr6+v47Ozs7e3t7u3u7+/o6Ojo6Pf39/f39/f36urq6uvr+Pjs7O3t7e3u/+7v7+jo6Pf39/f39/f36urq6urr6/j47Ozs7e3t7u7u7+/v9/f39/f39/f39+rq6urq6+v4+Ozs7O3t7e7u7u7v7+/39/f39/f39/fq6urq6uvr6/j47Ozt7e3t7u7u7+/v8Pf39/f39+rq6urq6uvr6/j4+Ozs7e3t7e7u7u/v7+/w9/f36urq6urq6vfq6uvr+Pjs7O3t7e3u7u7u7+/v8PDq6urq6urq6ur3/+b36uv47Ozt7e3Z7e7u7u/v7+/w8Orq6urq6urr6+rj4ubo9+vs7O3t7e3t7u7v7+/v8PDw6urq6+Lq6+vr6/fi/+Tn9+vs7e3u7u7u7+/v7/Dw8PDr6+vr6+vr+Pjr6ub//+MH9+rs7e7u7u/v7+/w8PDw8evr6/j4+Pj47Pjr9+Pi/+Pl6Ors7e7v7+/v8PDw8PHx+Pj4+Pjs7Ozs7Oz49+Pj4uPl5/f47e7v7+/w8PDc8PHs7Ozs7Ozs7Ozt7ez45uTl4+Pk5vfr7e7v8PDw8PDw8ezs7Ozs7O3t7e3t7e345eTl4+Lj5ejq7e7w8PDx8fFd7e3t7e3t7e3t7O3u7u335+bl4+Lj5Ofq7O7w8fHxXV3t7e3t7e3t7ezc7e7u7u4H5+jl4+Lj5Af37O7w8V1dXe3t7e3t7u7u7e3t7u7u7+z35vfl4+Lj5Af3+O7w8V1p7u7u7u7u7u7u7u7u7+/v7/fr6Pfm5OPj5Ob36+7w8Wnu7u7u7u7u7u7v7+/v7+/v7un36+rn5eTk5ebo6+3w8e7u7u7u7u7v7+/v7+/v8PDw6+337ern5eTk5Qfo6u3v7+/v7+/v5O/v7+/v8PDw8PDw6u7r7evoB+Xl5ufo6u3v7+/v7+/v7+/w8PDw8PDw8PHu7ezu7vj35+YHB+f36u/v7+/w8PDw8PDw8PDw8fHx8fHr8evw7+zp6Ofn5+j38PDw8PDw8PDw8PDw8fHx8fHxXfDt8O3x7+3q9+jo9/fw8PDw8PDw8PDx8fHx8fHxXV1dXe3x7fHy8O3r6ff39wAAAAAAAAAAAAAAAAAAAAAAAAAAAAAAAAAAAAAAAAAAAAAAAAAAAAAAAAAAAAAAAAAAAAAAAAAAAAAAAAAAAAAAAAAAAAAAAAAAAAAAAAAAAAAAAAAAAAAAAAAAAAAAAAAAAAAAAAAAAAAAAAAAAAAAAAAAAAAAAAAAAAAAAAAA"/>
      <UseXPManifest Value="True"/>
    </General>
    <PublishOptions>
      <Version Value="2"/>
      <IncludeFileFilter Value="*.(pas|pp|inc|lfm|lpr|lrs|lpi|lpk|sh|xml)"/>
      <ExcludeFileFilter Value="*.(bak|ppu|ppw|o|so);*~;backup"/>
    </PublishOptions>
    <RunParams>
      <local>
        <FormatVersion Value="1"/>
        <LaunchingApplication PathPlusParams="/usr/X11R6/bin/xterm -T 'Lazarus Run Output' -e $(LazarusDir)/tools/runwait.sh $(TargetCmdLine)"/>
        <WorkingDirectory Value="/home/cdc"/>
      </local>
    </RunParams>
    <RequiredPackages Count="20">
      <Item1>
        <PackageName Value="uniqueinstance_package"/>
      </Item1>
      <Item2>
        <PackageName Value="cdccatalog"/>
        <DefaultFilename Value="library/catalog/cdccatalog.lpk"/>
      </Item2>
      <Item3>
        <PackageName Value="CDCjdcalendar"/>
        <DefaultFilename Value="component/jdcalendar/cdcjdcalendar.lpk"/>
      </Item3>
      <Item4>
        <PackageName Value="downldialog"/>
        <DefaultFilename Value="component/downloaddialog/downldialog.lpk"/>
      </Item4>
      <Item5>
        <PackageName Value="elp82"/>
        <DefaultFilename Value="library/elp82/elp82.lpk"/>
      </Item5>
      <Item6>
        <PackageName Value="enhedit"/>
        <DefaultFilename Value="component/enhedits/enhedit.lpk"/>
      </Item6>
      <Item7>
        <PackageName Value="FCL"/>
      </Item7>
      <Item8>
        <PackageName Value="LCL"/>
      </Item8>
      <Item9>
        <PackageName Value="libsql"/>
        <DefaultFilename Value="component/libsql/libsql.lpk"/>
      </Item9>
      <Item10>
        <PackageName Value="mrecsort"/>
        <DefaultFilename Value="component/mrecsort/mrecsort.lpk"/>
      </Item10>
      <Item11>
        <PackageName Value="MultiDocPackage"/>
        <MinVersion Valid="True"/>
      </Item11>
      <Item12>
        <PackageName Value="Printer4Lazarus"/>
        <MinVersion Build="1" Valid="True"/>
      </Item12>
      <Item13>
        <PackageName Value="radec"/>
        <DefaultFilename Value="component/radec/radec.lpk"/>
      </Item13>
      <Item14>
        <PackageName Value="satxy"/>
        <DefaultFilename Value="library/satxy/satxy.lpk"/>
      </Item14>
      <Item15>
        <PackageName Value="series96"/>
        <DefaultFilename Value="library/series96/series96.lpk"/>
      </Item15>
      <Item16>
        <PackageName Value="synapse"/>
        <DefaultFilename Value="component/synapse/source/lib/synapse.lpk"/>
      </Item16>
      <Item17>
        <PackageName Value="SynEdit"/>
        <MinVersion Major="1" Valid="True"/>
      </Item17>
      <Item18>
        <PackageName Value="TurboPowerIPro"/>
        <MinVersion Major="1" Valid="True"/>
      </Item18>
      <Item19>
        <PackageName Value="XmlParser"/>
        <DefaultFilename Value="component/xmlparser/xmlparser.lpk"/>
      </Item19>
      <Item20>
        <PackageName Value="zoomimage"/>
        <DefaultFilename Value="component/zoomimage/zoomimage.lpk"/>
      </Item20>
    </RequiredPackages>
    <Units Count="46">
      <Unit0>
        <Filename Value="cdc.lpr"/>
        <IsPartOfProject Value="True"/>
        <UnitName Value="cdc"/>
      </Unit0>
      <Unit1>
        <Filename Value="pu_main.pas"/>
        <ComponentName Value="f_main"/>
        <HasResources Value="True"/>
        <IsPartOfProject Value="True"/>
        <ResourceBaseClass Value="Form"/>
        <ResourceFilename Value="pu_main.lrs"/>
        <UnitName Value="pu_main"/>
      </Unit1>
      <Unit2>
        <Filename Value="cu_telescope.pas"/>
        <IsPartOfProject Value="True"/>
        <UnitName Value="cu_telescope"/>
      </Unit2>
      <Unit3>
        <Filename Value="cu_database.pas"/>
        <IsPartOfProject Value="True"/>
        <UnitName Value="cu_database"/>
      </Unit3>
      <Unit4>
        <Filename Value="cu_fits.pas"/>
        <IsPartOfProject Value="True"/>
        <UnitName Value="cu_fits"/>
      </Unit4>
      <Unit5>
        <Filename Value="cu_indiclient.pas"/>
        <IsPartOfProject Value="True"/>
        <UnitName Value="cu_indiclient"/>
      </Unit5>
      <Unit6>
        <Filename Value="cu_planet.pas"/>
        <IsPartOfProject Value="True"/>
        <UnitName Value="cu_planet"/>
      </Unit6>
      <Unit7>
        <Filename Value="cu_plot.pas"/>
        <IsPartOfProject Value="True"/>
        <UnitName Value="cu_plot"/>
      </Unit7>
      <Unit8>
        <Filename Value="cu_skychart.pas"/>
        <IsPartOfProject Value="True"/>
        <UnitName Value="cu_skychart"/>
      </Unit8>
      <Unit9>
        <Filename Value="cu_catalog.pas"/>
        <IsPartOfProject Value="True"/>
        <UnitName Value="cu_catalog"/>
      </Unit9>
      <Unit10>
        <Filename Value="pu_zoom.pas"/>
        <ComponentName Value="f_zoom"/>
        <HasResources Value="True"/>
        <IsPartOfProject Value="True"/>
        <ResourceBaseClass Value="Form"/>
        <ResourceFilename Value="pu_zoom.lrs"/>
        <UnitName Value="pu_zoom"/>
      </Unit10>
      <Unit11>
        <Filename Value="pu_calendar.pas"/>
        <ComponentName Value="f_calendar"/>
        <HasResources Value="True"/>
        <IsPartOfProject Value="True"/>
        <ResourceBaseClass Value="Form"/>
        <ResourceFilename Value="pu_calendar.lrs"/>
        <UnitName Value="pu_calendar"/>
      </Unit11>
      <Unit12>
        <Filename Value="pu_chart.pas"/>
        <ComponentName Value="f_chart"/>
        <HasResources Value="True"/>
        <IsPartOfProject Value="True"/>
        <ResourceBaseClass Value="Form"/>
        <ResourceFilename Value="pu_chart.lrs"/>
        <UnitName Value="pu_chart"/>
      </Unit12>
      <Unit13>
        <Filename Value="pu_detail.pas"/>
        <ComponentName Value="f_detail"/>
        <HasResources Value="True"/>
        <IsPartOfProject Value="True"/>
        <ResourceBaseClass Value="Form"/>
        <ResourceFilename Value="pu_detail.lrs"/>
        <UnitName Value="pu_detail"/>
      </Unit13>
      <Unit14>
        <Filename Value="pu_getdss.pas"/>
        <ComponentName Value="f_getdss"/>
        <HasResources Value="True"/>
        <IsPartOfProject Value="True"/>
        <ResourceBaseClass Value="Form"/>
        <ResourceFilename Value="pu_getdss.lrs"/>
        <UnitName Value="pu_getdss"/>
      </Unit14>
      <Unit15>
        <Filename Value="pu_image.pas"/>
        <ComponentName Value="f_image"/>
        <HasResources Value="True"/>
        <IsPartOfProject Value="True"/>
        <ResourceBaseClass Value="Form"/>
        <ResourceFilename Value="pu_image.lrs"/>
        <UnitName Value="pu_image"/>
      </Unit15>
      <Unit16>
        <Filename Value="pu_info.pas"/>
        <ComponentName Value="f_info"/>
        <HasResources Value="True"/>
        <IsPartOfProject Value="True"/>
        <ResourceBaseClass Value="Form"/>
        <ResourceFilename Value="pu_info.lrs"/>
        <UnitName Value="pu_info"/>
      </Unit16>
      <Unit17>
        <Filename Value="pu_manualtelescope.pas"/>
        <ComponentName Value="f_manualtelescope"/>
        <HasResources Value="True"/>
        <IsPartOfProject Value="True"/>
        <ResourceBaseClass Value="Form"/>
        <ResourceFilename Value="pu_manualtelescope.lrs"/>
        <UnitName Value="pu_manualtelescope"/>
      </Unit17>
      <Unit18>
        <Filename Value="pu_position.pas"/>
        <ComponentName Value="f_position"/>
        <HasResources Value="True"/>
        <IsPartOfProject Value="True"/>
        <ResourceBaseClass Value="Form"/>
        <ResourceFilename Value="pu_position.lrs"/>
        <UnitName Value="pu_position"/>
      </Unit18>
      <Unit19>
        <Filename Value="pu_printsetup.pas"/>
        <ComponentName Value="f_printsetup"/>
        <HasResources Value="True"/>
        <IsPartOfProject Value="True"/>
        <ResourceBaseClass Value="Form"/>
        <ResourceFilename Value="pu_printsetup.lrs"/>
        <UnitName Value="pu_printsetup"/>
      </Unit19>
      <Unit20>
        <Filename Value="pu_search.pas"/>
        <ComponentName Value="f_search"/>
        <HasResources Value="True"/>
        <IsPartOfProject Value="True"/>
        <ResourceBaseClass Value="Form"/>
        <ResourceFilename Value="pu_search.lrs"/>
        <UnitName Value="pu_search"/>
      </Unit20>
      <Unit21>
        <Filename Value="u_util.pas"/>
        <IsPartOfProject Value="True"/>
        <UnitName Value="u_util"/>
      </Unit21>
      <Unit22>
        <Filename Value="u_constant.pas"/>
        <IsPartOfProject Value="True"/>
        <UnitName Value="u_constant"/>
      </Unit22>
      <Unit23>
        <Filename Value="u_planetrender.pas"/>
        <IsPartOfProject Value="True"/>
        <UnitName Value="u_planetrender"/>
      </Unit23>
      <Unit24>
        <Filename Value="u_projection.pas"/>
        <IsPartOfProject Value="True"/>
        <UnitName Value="u_projection"/>
      </Unit24>
      <Unit25>
        <Filename Value="pu_config_catalog.pas"/>
        <ComponentName Value="f_config_catalog"/>
        <HasResources Value="True"/>
        <IsPartOfProject Value="True"/>
        <ResourceBaseClass Value="Form"/>
        <ResourceFilename Value="pu_config_catalog.lrs"/>
        <UnitName Value="pu_config_catalog"/>
      </Unit25>
      <Unit26>
        <Filename Value="pu_config_time.pas"/>
        <ComponentName Value="f_config_time"/>
        <HasResources Value="True"/>
        <IsPartOfProject Value="True"/>
        <ResourceBaseClass Value="Form"/>
        <ResourceFilename Value="pu_config_time.lrs"/>
        <UnitName Value="pu_config_time"/>
      </Unit26>
      <Unit27>
        <Filename Value="pu_config_system.pas"/>
        <ComponentName Value="f_config_system"/>
        <HasResources Value="True"/>
        <IsPartOfProject Value="True"/>
        <ResourceBaseClass Value="Form"/>
        <ResourceFilename Value="pu_config_system.lrs"/>
        <UnitName Value="pu_config_system"/>
      </Unit27>
      <Unit28>
        <Filename Value="pu_config_pictures.pas"/>
        <ComponentName Value="f_config_pictures"/>
        <HasResources Value="True"/>
        <IsPartOfProject Value="True"/>
        <ResourceBaseClass Value="Form"/>
        <ResourceFilename Value="pu_config_pictures.lrs"/>
        <UnitName Value="pu_config_pictures"/>
      </Unit28>
      <Unit29>
        <Filename Value="pu_config_display.pas"/>
        <ComponentName Value="f_config_display"/>
        <HasResources Value="True"/>
        <IsPartOfProject Value="True"/>
        <ResourceBaseClass Value="Form"/>
        <ResourceFilename Value="pu_config_display.lrs"/>
        <UnitName Value="pu_config_display"/>
      </Unit29>
      <Unit30>
        <Filename Value="pu_config_solsys.pas"/>
        <ComponentName Value="f_config_solsys"/>
        <HasResources Value="True"/>
        <IsPartOfProject Value="True"/>
        <ResourceBaseClass Value="Form"/>
        <ResourceFilename Value="pu_config_solsys.lrs"/>
        <UnitName Value="pu_config_solsys"/>
      </Unit30>
      <Unit31>
        <Filename Value="pu_config_chart.pas"/>
        <ComponentName Value="f_config_chart"/>
        <HasResources Value="True"/>
        <IsPartOfProject Value="True"/>
        <ResourceBaseClass Value="Form"/>
        <ResourceFilename Value="pu_config_chart.lrs"/>
        <UnitName Value="pu_config_chart"/>
      </Unit31>
      <Unit32>
        <Filename Value="pu_config_observatory.pas"/>
        <ComponentName Value="f_config_observatory"/>
        <HasResources Value="True"/>
        <IsPartOfProject Value="True"/>
        <ResourceBaseClass Value="Form"/>
        <ResourceFilename Value="pu_config_observatory.lrs"/>
        <UnitName Value="pu_config_observatory"/>
      </Unit32>
      <Unit33>
        <Filename Value="pu_config_internet.pas"/>
        <ComponentName Value="f_config_internet"/>
        <HasResources Value="True"/>
        <IsPartOfProject Value="True"/>
        <ResourceBaseClass Value="Form"/>
        <ResourceFilename Value="pu_config_internet.lrs"/>
        <UnitName Value="pu_config_internet"/>
      </Unit33>
      <Unit34>
        <Filename Value="pu_catgen.pas"/>
        <ComponentName Value="f_catgen"/>
        <HasResources Value="True"/>
        <IsPartOfProject Value="True"/>
        <ResourceBaseClass Value="Form"/>
        <ResourceFilename Value="pu_catgen.lrs"/>
        <UnitName Value="pu_catgen"/>
      </Unit34>
      <Unit35>
        <Filename Value="pu_catgenadv.pas"/>
        <ComponentName Value="f_catgenadv"/>
        <HasResources Value="True"/>
        <IsPartOfProject Value="True"/>
        <ResourceBaseClass Value="Form"/>
        <ResourceFilename Value="pu_catgenadv.lrs"/>
        <UnitName Value="pu_catgenadv"/>
      </Unit35>
      <Unit36>
        <Filename Value="pu_progressbar.pas"/>
        <ComponentName Value="f_progress"/>
        <HasResources Value="True"/>
        <IsPartOfProject Value="True"/>
        <ResourceBaseClass Value="Form"/>
        <ResourceFilename Value="pu_progressbar.lrs"/>
        <UnitName Value="pu_progressbar"/>
      </Unit36>
      <Unit37>
        <Filename Value="pu_addlabel.pas"/>
        <ComponentName Value="f_addlabel"/>
        <HasResources Value="True"/>
        <IsPartOfProject Value="True"/>
        <ResourceBaseClass Value="Form"/>
        <ResourceFilename Value="pu_addlabel.lrs"/>
        <UnitName Value="pu_addlabel"/>
      </Unit37>
      <Unit38>
        <Filename Value="pu_print.pas"/>
        <ComponentName Value="f_print"/>
        <IsPartOfProject Value="True"/>
        <ResourceBaseClass Value="Form"/>
        <ResourceFilename Value="pu_print.lrs"/>
        <UnitName Value="pu_print"/>
      </Unit38>
      <Unit39>
        <Filename Value="u_translation.pas"/>
        <IsPartOfProject Value="True"/>
        <UnitName Value="u_translation"/>
      </Unit39>
      <Unit40>
        <Filename Value="pu_about.pas"/>
        <ComponentName Value="f_about"/>
        <HasResources Value="True"/>
        <IsPartOfProject Value="True"/>
        <ResourceBaseClass Value="Form"/>
        <ResourceFilename Value="pu_about.lrs"/>
        <UnitName Value="pu_about"/>
      </Unit40>
      <Unit41>
        <Filename Value="pu_splash.pas"/>
        <ComponentName Value="f_splash"/>
        <HasResources Value="True"/>
        <IsPartOfProject Value="True"/>
        <ResourceFilename Value="pu_splash.lrs"/>
        <UnitName Value="pu_splash"/>
      </Unit41>
      <Unit42>
        <Filename Value="cu_tz.pas"/>
        <IsPartOfProject Value="True"/>
        <UnitName Value="cu_tz"/>
      </Unit42>
      <Unit43>
        <Filename Value="pu_config.pas"/>
        <ComponentName Value="f_config"/>
        <HasResources Value="True"/>
        <IsPartOfProject Value="True"/>
        <ResourceBaseClass Value="Form"/>
        <ResourceFilename Value="pu_config.lrs"/>
        <UnitName Value="pu_config"/>
      </Unit43>
      <Unit44>
        <Filename Value="u_help.pas"/>
        <IsPartOfProject Value="True"/>
        <UnitName Value="u_help"/>
      </Unit44>
      <Unit45>
        <Filename Value="pu_clock.pas"/>
        <ComponentName Value="f_clock"/>
        <IsPartOfProject Value="True"/>
        <ResourceBaseClass Value="Form"/>
        <ResourceFilename Value="pu_clock.lrs"/>
        <UnitName Value="pu_clock"/>
      </Unit45>
    </Units>
  </ProjectOptions>
  <CompilerOptions>
    <Version Value="8"/>
    <Target>
      <Filename Value="units/$(TargetCPU)-$(TargetOS)-$(LCLWidgetType)/skychart"/>
    </Target>
    <SearchPaths>
      <UnitOutputDirectory Value="units/$(TargetCPU)-$(TargetOS)-$(LCLWidgetType)"/>
      <SrcPath Value="$(LazarusDir)/lcl/;$(LazarusDir)/lcl/interfaces/$(LCLWidgetType)/"/>
    </SearchPaths>
    <Parsing>
      <SyntaxOptions>
        <CStyleOperator Value="False"/>
      </SyntaxOptions>
    </Parsing>
    <CodeGeneration>
      <HeapSize Value="100000"/>
    </CodeGeneration>
    <Linking>
      <Debugging>
        <GenerateDebugInfo Value="True"/>
      </Debugging>
      <Options>
        <Win32>
          <GraphicApplication Value="True"/>
        </Win32>
      </Options>
    </Linking>
    <Other>
      <Verbosity>
        <ShowHints Value="False"/>
      </Verbosity>
      <CustomOptions Value="
"/>
      <CompilerPath Value="$(CompPath)"/>
    </Other>
  </CompilerOptions>
</CONFIG>
