<?xml version="1.0"?>
<CONFIG>
  <ProjectOptions>
    <PathDelim Value="/"/>
    <Version Value="6"/>
    <General>
      <MainUnit Value="0"/>
      <TargetFileExt Value=""/>
      <Title Value="cdcicon"/>
      <Icon Value="AAABAAEAEBAAAAEAIABoBAAAFgAAACgAAAAQAAAAIAAAAAEAIAAAAAAAAAQAAGQAAABkAAAAAAAAAAAAAAAAAAAAAAAAAAAAAADGvZz/rZRj/5RzMf+MayH/lHMx/6WMWv+1pYz/1s69/wAAAAAAAAAAAAAAAAAAAAAAAAAAAAAAAAAAAAC1nGv/pXsh/72MIf+9jCH/vYwp/72UMf+9lDn/vZRC/62MUv+1rYz/AAAAAAAAAAAAAAAAAAAAAAAAAAC1lFL/vZQp/86cKf/GlCn/vYwh/72MIf+1hBj/tYQh/7WEIf+9lDH/tZRS/62chP8AAAAAAAAAAAAAAAC9pXP/xpQp/9alMf/OnDn/zq1r/+fWtf9jWkr/zsa1/97GlP+9lDn/rYQY/8aUOf+tjEr/vbWl/wAAAAAAAAAAtYwp/9atOf/OpUL/xq2E/+fn5///////Wlpa/9bW1v/39/f/3tbG/72cUv+lexj/xpxK/5yEUv8AAAAAAAAAANalQv/etUr/xqVj/8bGvf/39/f/5+fn/1paWv+1tbX/hISE/87Ozv/n1rX/vYwx/7WMMf+1lFL/lJyU/5y1vf/nvVr/3r1a/62ce//Ozs7/9/f3/+fn5/9aWlr/MTEx/4SEhP////////fn/86lSv+thCH/tZRC/2uEa/9KlJz/785z/+fGc/9KQin/nJyc//f39/+cnJz/EBAQ/wAAAAD39/f/3t7e/2NjY/+UcyH/tYQY/62EIf+llHv/rdbe/+/WhP/v1oz/pZx7/7W1rf/n5+f/9/f3/3t7e//e3t7/5+fn/+fn5//37+f/zqVS/72MIf+teyH/WnNa/0KMnP/nznv/996l/8a1hP+clJT/zs7O/+fn5//39/f////////////39/f/3ta1/86lQv/OlCH/rYQp/8a9rf8AAAAA1q1a//fntf/v3q3/raWE/5ycnP+9vb3/xsbG/97e3v/e3t7/zs69/86ta//OnDH/xpQh/6WEQv8AAAAAAAAAANa1e//v3pz///fn/+fWnP+1rYT/nJyM/1JSSv+MjIz/ta2U/8atY//OpTn/1qUx/7WEIf+9rZT/AAAAAAAAAAAAAAAA1rVz//fntf//99b/79aM/97Gc//OrVr/zq1S/9atSv/WrUL/1qU5/72MKf+tlGv/AAAAAAAAAAAAAAAAAAAAAAAAAADWtXP/586M//fnrf/357X/996U/+fGa//etUr/zqU5/72UOf+1pXP/AAAAAAAAAAAAAAAAAAAAAAAAAAAAAAAAAAAAANa9lP/exoT/zrV7/8alWv/GnEr/xqVS/8atc//Oxq3/AAAAAAAAAAAAAAAAAAAAAAAAAAAAAAAAAAAAAAAAAAAAAAAAAAAAAAAAAAAAAAAAAAAAAAAAAAAAAAAAAAAAAAAAAAAAAAAAAAAAAAAAAAAAAAAAAAAAAAAAAAAAAAAAAAAAAAAAAAAAAAAAAAAAAAAAAAAAAAAAAAAAAAAAAAAAAAAAAAAAAAAAAAAAAAAAAAAAAA=="/>
      <ActiveEditorIndexAtStart Value="0"/>
    </General>
    <VersionInfo>
      <ProjectVersion Value=""/>
    </VersionInfo>
    <PublishOptions>
      <Version Value="2"/>
      <IgnoreBinaries Value="False"/>
      <IncludeFileFilter Value="*.(pas|pp|inc|lfm|lpr|lrs|lpi|lpk|sh|xml)"/>
      <ExcludeFileFilter Value="*.(bak|ppu|ppw|o|so);*~;backup"/>
    </PublishOptions>
    <RunParams>
      <local>
        <FormatVersion Value="1"/>
        <LaunchingApplication PathPlusParams="/usr/X11R6/bin/xterm -T 'Lazarus Run Output' -e $(LazarusDir)/tools/runwait.sh $(TargetCmdLine)"/>
      </local>
    </RunParams>
    <RequiredPackages Count="4">
      <Item1>
        <PackageName Value="Printer4Lazarus"/>
      </Item1>
      <Item2>
        <PackageName Value="enhedit"/>
      </Item2>
      <Item3>
        <PackageName Value="cdccatalog"/>
      </Item3>
      <Item4>
        <PackageName Value="LCL"/>
      </Item4>
    </RequiredPackages>
    <Units Count="14">
      <Unit0>
        <Filename Value="cdcicon.lpr"/>
        <IsPartOfProject Value="True"/>
        <UnitName Value="cdcicon"/>
        <CursorPos X="19" Y="17"/>
        <TopLine Value="1"/>
        <UsageCount Value="25"/>
      </Unit0>
      <Unit1>
        <Filename Value="pu_tray.pas"/>
        <ComponentName Value="f_tray"/>
        <IsPartOfProject Value="True"/>
        <ResourceBaseClass Value="Form"/>
        <ResourceFilename Value="pu_tray.lrs"/>
        <UnitName Value="pu_tray"/>
        <CursorPos X="24" Y="83"/>
        <TopLine Value="73"/>
        <EditorIndex Value="0"/>
        <UsageCount Value="25"/>
        <Loaded Value="True"/>
      </Unit1>
      <Unit2>
        <Filename Value="../../../lazarus/lcl/graphics.pp"/>
        <UnitName Value="Graphics"/>
        <CursorPos X="15" Y="1024"/>
        <TopLine Value="1002"/>
        <UsageCount Value="10"/>
      </Unit2>
      <Unit3>
        <Filename Value="../../../lazarus/lcl/include/customtrayicon.inc"/>
        <CursorPos X="55" Y="238"/>
        <TopLine Value="208"/>
        <UsageCount Value="10"/>
      </Unit3>
      <Unit4>
        <Filename Value="../../../lazarus/lcl/include/fpimagebitmap.inc"/>
        <CursorPos X="43" Y="143"/>
        <TopLine Value="101"/>
        <UsageCount Value="10"/>
      </Unit4>
      <Unit5>
        <Filename Value="../../../lazarus/lcl/lclproc.pas"/>
        <UnitName Value="LCLProc"/>
        <CursorPos X="1" Y="1493"/>
        <TopLine Value="1471"/>
        <UsageCount Value="10"/>
      </Unit5>
      <Unit6>
        <Filename Value="../../../lazarus/lcl/extctrls.pp"/>
        <UnitName Value="ExtCtrls"/>
        <CursorPos X="64" Y="1149"/>
        <TopLine Value="1117"/>
        <UsageCount Value="10"/>
      </Unit6>
      <Unit7>
        <Filename Value="../../../lazarus/lcl/include/rasterimage.inc"/>
        <CursorPos X="55" Y="183"/>
        <TopLine Value="155"/>
        <UsageCount Value="10"/>
      </Unit7>
      <Unit8>
        <Filename Value="pu_clock.pas"/>
        <ComponentName Value="f_clock"/>
        <HasResources Value="True"/>
        <IsPartOfProject Value="True"/>
        <ResourceBaseClass Value="Form"/>
        <ResourceFilename Value="pu_clock.lrs"/>
        <UnitName Value="pu_clock"/>
        <CursorPos X="54" Y="63"/>
        <TopLine Value="44"/>
        <UsageCount Value="23"/>
      </Unit8>
      <Unit9>
        <Filename Value="u_constant.pas"/>
        <UnitName Value="u_constant"/>
        <CursorPos X="16" Y="611"/>
        <TopLine Value="589"/>
        <UsageCount Value="10"/>
      </Unit9>
      <Unit10>
        <Filename Value="cu_tz.pas"/>
        <UnitName Value="cu_tz"/>
        <CursorPos X="48" Y="32"/>
        <TopLine Value="1"/>
        <UsageCount Value="10"/>
      </Unit10>
      <Unit11>
        <Filename Value="u_help.pas"/>
        <UnitName Value="u_help"/>
        <CursorPos X="1" Y="1"/>
        <TopLine Value="1"/>
        <UsageCount Value="10"/>
      </Unit11>
      <Unit12>
        <Filename Value="u_util.pas"/>
        <UnitName Value="u_util"/>
        <CursorPos X="2" Y="1218"/>
        <TopLine Value="1215"/>
        <UsageCount Value="10"/>
      </Unit12>
      <Unit13>
        <Filename Value="u_translation.pas"/>
        <UnitName Value="u_translation"/>
        <CursorPos X="34" Y="1123"/>
        <TopLine Value="1103"/>
        <EditorIndex Value="1"/>
        <UsageCount Value="10"/>
        <Loaded Value="True"/>
      </Unit13>
    </Units>
    <JumpHistory Count="30" HistoryIndex="29">
      <Position1>
        <Filename Value="pu_tray.pas"/>
        <Caret Line="220" Column="8" TopLine="198"/>
      </Position1>
      <Position2>
        <Filename Value="pu_tray.pas"/>
        <Caret Line="7" Column="42" TopLine="1"/>
      </Position2>
      <Position3>
        <Filename Value="pu_tray.pas"/>
        <Caret Line="57" Column="30" TopLine="37"/>
      </Position3>
      <Position4>
        <Filename Value="pu_tray.pas"/>
        <Caret Line="59" Column="15" TopLine="37"/>
      </Position4>
      <Position5>
        <Filename Value="pu_tray.pas"/>
        <Caret Line="111" Column="42" TopLine="87"/>
      </Position5>
      <Position6>
        <Filename Value="pu_tray.pas"/>
        <Caret Line="109" Column="29" TopLine="87"/>
      </Position6>
      <Position7>
        <Filename Value="pu_tray.pas"/>
        <Caret Line="161" Column="27" TopLine="135"/>
      </Position7>
      <Position8>
        <Filename Value="pu_tray.pas"/>
        <Caret Line="156" Column="1" TopLine="135"/>
      </Position8>
      <Position9>
        <Filename Value="pu_tray.pas"/>
        <Caret Line="32" Column="47" TopLine="31"/>
      </Position9>
      <Position10>
        <Filename Value="pu_tray.pas"/>
        <Caret Line="137" Column="3" TopLine="135"/>
      </Position10>
      <Position11>
        <Filename Value="pu_tray.pas"/>
        <Caret Line="113" Column="56" TopLine="1"/>
      </Position11>
      <Position12>
        <Filename Value="pu_tray.pas"/>
        <Caret Line="33" Column="43" TopLine="32"/>
      </Position12>
      <Position13>
        <Filename Value="pu_tray.pas"/>
        <Caret Line="138" Column="17" TopLine="109"/>
      </Position13>
      <Position14>
        <Filename Value="pu_tray.pas"/>
        <Caret Line="30" Column="69" TopLine="16"/>
      </Position14>
      <Position15>
        <Filename Value="pu_tray.pas"/>
        <Caret Line="76" Column="11" TopLine="55"/>
      </Position15>
      <Position16>
        <Filename Value="pu_tray.pas"/>
        <Caret Line="27" Column="44" TopLine="6"/>
      </Position16>
      <Position17>
        <Filename Value="pu_tray.pas"/>
        <Caret Line="248" Column="1" TopLine="226"/>
      </Position17>
      <Position18>
        <Filename Value="pu_tray.pas"/>
        <Caret Line="249" Column="1" TopLine="227"/>
      </Position18>
      <Position19>
        <Filename Value="pu_tray.pas"/>
        <Caret Line="250" Column="3" TopLine="217"/>
      </Position19>
      <Position20>
        <Filename Value="pu_tray.pas"/>
        <Caret Line="29" Column="47" TopLine="28"/>
      </Position20>
      <Position21>
        <Filename Value="pu_tray.pas"/>
        <Caret Line="127" Column="9" TopLine="101"/>
      </Position21>
      <Position22>
        <Filename Value="pu_tray.pas"/>
        <Caret Line="90" Column="15" TopLine="65"/>
      </Position22>
      <Position23>
        <Filename Value="pu_tray.pas"/>
        <Caret Line="102" Column="17" TopLine="68"/>
      </Position23>
      <Position24>
        <Filename Value="pu_tray.pas"/>
        <Caret Line="94" Column="1" TopLine="79"/>
      </Position24>
      <Position25>
        <Filename Value="pu_tray.pas"/>
        <Caret Line="93" Column="1" TopLine="73"/>
      </Position25>
      <Position26>
        <Filename Value="pu_tray.pas"/>
        <Caret Line="94" Column="1" TopLine="74"/>
      </Position26>
      <Position27>
        <Filename Value="pu_tray.pas"/>
        <Caret Line="95" Column="1" TopLine="75"/>
      </Position27>
      <Position28>
        <Filename Value="pu_tray.pas"/>
        <Caret Line="101" Column="1" TopLine="81"/>
      </Position28>
      <Position29>
        <Filename Value="pu_tray.pas"/>
        <Caret Line="140" Column="53" TopLine="120"/>
      </Position29>
      <Position30>
        <Filename Value="pu_tray.pas"/>
        <Caret Line="91" Column="31" TopLine="73"/>
      </Position30>
    </JumpHistory>
  </ProjectOptions>
  <CompilerOptions>
    <Version Value="8"/>
    <SearchPaths>
      <UnitOutputDirectory Value="units/$(TargetCPU)-$(TargetOS)-$(LCLWidgetType)"/>
    </SearchPaths>
    <Parsing>
      <SyntaxOptions>
        <CStyleOperator Value="False"/>
      </SyntaxOptions>
    </Parsing>
    <Linking>
      <Options>
        <Win32>
          <GraphicApplication Value="True"/>
        </Win32>
      </Options>
    </Linking>
    <Other>
      <CompilerPath Value="$(CompPath)"/>
    </Other>
  </CompilerOptions>
</CONFIG>
