<?xml version="1.0"?>
<CONFIG>
  <ProjectOptions>
    <Version Value="7"/>
    <General>
      <Flags>
        <MainUnitHasCreateFormStatements Value="False"/>
        <MainUnitHasTitleStatement Value="False"/>
      </Flags>
      <MainUnit Value="0"/>
      <TargetFileExt Value=""/>
      <UseAppBundle Value="False"/>
      <ActiveEditorIndexAtStart Value="0"/>
    </General>
    <VersionInfo>
      <ProjectVersion Value=""/>
    </VersionInfo>
    <PublishOptions>
      <Version Value="2"/>
      <IgnoreBinaries Value="False"/>
      <IncludeFileFilter Value="*.(pas|pp|inc|lfm|lpr|lrs|lpi|lpk|sh|xml)"/>
      <ExcludeFileFilter Value="*.(bak|ppu|ppw|o|so);*~;backup"/>
    </PublishOptions>
    <RunParams>
      <local>
        <FormatVersion Value="1"/>
        <LaunchingApplication PathPlusParams="/usr/X11R6/bin/xterm -T 'Lazarus Run Output' -e $(LazarusDir)/tools/runwait.sh $(TargetCmdLine)"/>
      </local>
    </RunParams>
    <Units Count="2">
      <Unit0>
        <Filename Value="u3conv.pas"/>
        <IsPartOfProject Value="True"/>
        <UnitName Value="u3conv"/>
        <CursorPos X="51" Y="25"/>
        <TopLine Value="1"/>
        <EditorIndex Value="0"/>
        <UsageCount Value="28"/>
        <Loaded Value="True"/>
      </Unit0>
      <Unit1>
        <Filename Value="../../../../../../pch/fpc/rtl/unix/bunxh.inc"/>
        <CursorPos X="15" Y="59"/>
        <TopLine Value="42"/>
        <UsageCount Value="10"/>
      </Unit1>
    </Units>
    <JumpHistory Count="24" HistoryIndex="23">
      <Position1>
        <Filename Value="u3conv.pas"/>
        <Caret Line="88" Column="4" TopLine="23"/>
      </Position1>
      <Position2>
        <Filename Value="u3conv.pas"/>
        <Caret Line="44" Column="44" TopLine="30"/>
      </Position2>
      <Position3>
        <Filename Value="u3conv.pas"/>
        <Caret Line="53" Column="17" TopLine="29"/>
      </Position3>
      <Position4>
        <Filename Value="u3conv.pas"/>
        <Caret Line="104" Column="1" TopLine="79"/>
      </Position4>
      <Position5>
        <Filename Value="u3conv.pas"/>
        <Caret Line="109" Column="43" TopLine="78"/>
      </Position5>
      <Position6>
        <Filename Value="u3conv.pas"/>
        <Caret Line="88" Column="24" TopLine="71"/>
      </Position6>
      <Position7>
        <Filename Value="u3conv.pas"/>
        <Caret Line="93" Column="23" TopLine="67"/>
      </Position7>
      <Position8>
        <Filename Value="u3conv.pas"/>
        <Caret Line="61" Column="28" TopLine="37"/>
      </Position8>
      <Position9>
        <Filename Value="u3conv.pas"/>
        <Caret Line="74" Column="14" TopLine="56"/>
      </Position9>
      <Position10>
        <Filename Value="u3conv.pas"/>
        <Caret Line="34" Column="6" TopLine="17"/>
      </Position10>
      <Position11>
        <Filename Value="u3conv.pas"/>
        <Caret Line="65" Column="12" TopLine="46"/>
      </Position11>
      <Position12>
        <Filename Value="u3conv.pas"/>
        <Caret Line="63" Column="1" TopLine="47"/>
      </Position12>
      <Position13>
        <Filename Value="u3conv.pas"/>
        <Caret Line="128" Column="20" TopLine="104"/>
      </Position13>
      <Position14>
        <Filename Value="u3conv.pas"/>
        <Caret Line="65" Column="53" TopLine="47"/>
      </Position14>
      <Position15>
        <Filename Value="u3conv.pas"/>
        <Caret Line="39" Column="17" TopLine="18"/>
      </Position15>
      <Position16>
        <Filename Value="u3conv.pas"/>
        <Caret Line="29" Column="17" TopLine="22"/>
      </Position16>
      <Position17>
        <Filename Value="u3conv.pas"/>
        <Caret Line="36" Column="18" TopLine="22"/>
      </Position17>
      <Position18>
        <Filename Value="u3conv.pas"/>
        <Caret Line="45" Column="15" TopLine="34"/>
      </Position18>
      <Position19>
        <Filename Value="u3conv.pas"/>
        <Caret Line="141" Column="50" TopLine="125"/>
      </Position19>
      <Position20>
        <Filename Value="u3conv.pas"/>
        <Caret Line="32" Column="15" TopLine="15"/>
      </Position20>
      <Position21>
        <Filename Value="u3conv.pas"/>
        <Caret Line="87" Column="29" TopLine="67"/>
      </Position21>
      <Position22>
        <Filename Value="u3conv.pas"/>
        <Caret Line="70" Column="35" TopLine="59"/>
      </Position22>
      <Position23>
        <Filename Value="u3conv.pas"/>
        <Caret Line="44" Column="5" TopLine="29"/>
      </Position23>
      <Position24>
        <Filename Value="u3conv.pas"/>
        <Caret Line="45" Column="1" TopLine="36"/>
      </Position24>
    </JumpHistory>
  </ProjectOptions>
  <CompilerOptions>
    <Version Value="8"/>
    <SearchPaths>
      <IncludeFiles Value="$(ProjOutDir)/"/>
      <LCLWidgetType Value="win32"/>
    </SearchPaths>
    <CodeGeneration>
      <TargetOS Value="Win32"/>
    </CodeGeneration>
    <Other>
      <CompilerPath Value="$(CompPath)"/>
    </Other>
  </CompilerOptions>
  <Debugging>
    <Exceptions Count="3">
      <Item1>
        <Name Value="EAbort"/>
      </Item1>
      <Item2>
        <Name Value="ECodetoolError"/>
      </Item2>
      <Item3>
        <Name Value="EFOpenError"/>
      </Item3>
    </Exceptions>
  </Debugging>
</CONFIG>
