<?xml version="1.0"?>
<CONFIG>
  <ProjectOptions>
    <Version Value="9"/>
    <General>
      <Flags>
        <LRSInOutputDirectory Value="False"/>
      </Flags>
      <SessionStorage Value="InProjectDir"/>
      <MainUnit Value="0"/>
      <Title Value="cdcicon"/>
      <ResourceType Value="res"/>
      <Icon Value="0"/>
    </General>
    <VersionInfo>
      <StringTable ProductVersion=""/>
    </VersionInfo>
    <BuildModes Count="2">
      <Item1 Name="default" Default="True"/>
      <Item2 Name="windows">
        <MacroValues Count="1">
          <Macro1 Name="LCLWidgetType" Value="win32"/>
        </MacroValues>
        <CompilerOptions>
          <Version Value="11"/>
          <SearchPaths>
            <UnitOutputDirectory Value="units/$(TargetCPU)-$(TargetOS)-$(LCLWidgetType)"/>
          </SearchPaths>
          <Parsing>
            <SyntaxOptions>
              <CStyleOperator Value="False"/>
              <UseAnsiStrings Value="False"/>
            </SyntaxOptions>
          </Parsing>
          <CodeGeneration>
            <SmartLinkUnit Value="True"/>
            <TargetCPU Value="i386"/>
            <TargetOS Value="win32"/>
            <Optimizations>
              <OptimizationLevel Value="2"/>
            </Optimizations>
          </CodeGeneration>
          <Linking>
            <Debugging>
              <GenerateDebugInfo Value="False"/>
              <StripSymbols Value="True"/>
            </Debugging>
            <LinkSmart Value="True"/>
            <Options>
              <Win32>
                <GraphicApplication Value="True"/>
              </Win32>
            </Options>
          </Linking>
          <Other>
            <Verbosity>
              <ShowHints Value="False"/>
            </Verbosity>
            <CompilerMessages>
              <UseMsgFile Value="True"/>
            </CompilerMessages>
            <CompilerPath Value="$(CompPath)"/>
          </Other>
          <LCLWidgetType Value="win32"/>
        </CompilerOptions>
      </Item2>
    </BuildModes>
    <PublishOptions>
      <Version Value="2"/>
      <IgnoreBinaries Value="False"/>
      <IncludeFileFilter Value="*.(pas|pp|inc|lfm|lpr|lrs|lpi|lpk|sh|xml)"/>
      <ExcludeFileFilter Value="*.(bak|ppu|ppw|o|so);*~;backup"/>
    </PublishOptions>
    <RunParams>
      <local>
        <FormatVersion Value="1"/>
        <LaunchingApplication PathPlusParams="/usr/X11R6/bin/xterm -T 'Lazarus Run Output' -e $(LazarusDir)/tools/runwait.sh $(TargetCmdLine)"/>
        <WorkingDirectory Value="/usr/local/bin"/>
      </local>
    </RunParams>
    <RequiredPackages Count="9">
      <Item1>
        <PackageName Value="BGRABitmapPack"/>
      </Item1>
      <Item2>
        <PackageName Value="zoomimage"/>
      </Item2>
      <Item3>
        <PackageName Value="CDCjdcalendar"/>
      </Item3>
      <Item4>
        <PackageName Value="libsql"/>
      </Item4>
      <Item5>
        <PackageName Value="satxy"/>
      </Item5>
      <Item6>
        <PackageName Value="Printer4Lazarus"/>
      </Item6>
      <Item7>
        <PackageName Value="enhedit"/>
      </Item7>
      <Item8>
        <PackageName Value="cdccatalog"/>
      </Item8>
      <Item9>
        <PackageName Value="LCL"/>
      </Item9>
    </RequiredPackages>
    <Units Count="4">
      <Unit0>
        <Filename Value="cdcicon.lpr"/>
        <IsPartOfProject Value="True"/>
        <UnitName Value="cdcicon"/>
      </Unit0>
      <Unit1>
        <Filename Value="pu_tray.pas"/>
        <IsPartOfProject Value="True"/>
        <ComponentName Value="f_tray"/>
        <HasResources Value="True"/>
        <ResourceBaseClass Value="Form"/>
        <UnitName Value="pu_tray"/>
      </Unit1>
      <Unit2>
        <Filename Value="pu_clock.pas"/>
        <IsPartOfProject Value="True"/>
        <ComponentName Value="f_clock"/>
        <HasResources Value="True"/>
        <ResourceBaseClass Value="Form"/>
        <UnitName Value="pu_clock"/>
      </Unit2>
      <Unit3>
        <Filename Value="pu_calendar.pas"/>
        <IsPartOfProject Value="True"/>
        <ComponentName Value="f_calendar"/>
        <HasResources Value="True"/>
        <ResourceBaseClass Value="Form"/>
        <UnitName Value="pu_calendar"/>
      </Unit3>
    </Units>
  </ProjectOptions>
  <CompilerOptions>
    <Version Value="11"/>
    <SearchPaths>
      <UnitOutputDirectory Value="units/$(TargetCPU)-$(TargetOS)-$(LCLWidgetType)"/>
    </SearchPaths>
    <Parsing>
      <SyntaxOptions>
        <CStyleOperator Value="False"/>
        <UseAnsiStrings Value="False"/>
      </SyntaxOptions>
    </Parsing>
    <CodeGeneration>
      <Optimizations>
        <OptimizationLevel Value="0"/>
      </Optimizations>
    </CodeGeneration>
    <Linking>
      <Options>
        <Win32>
          <GraphicApplication Value="True"/>
        </Win32>
      </Options>
    </Linking>
    <Other>
      <Verbosity>
        <ShowHints Value="False"/>
      </Verbosity>
      <CompilerMessages>
        <UseMsgFile Value="True"/>
      </CompilerMessages>
      <CompilerPath Value="$(CompPath)"/>
    </Other>
  </CompilerOptions>
</CONFIG>
