<?xml version="1.0"?>
<CONFIG>
  <ProjectOptions>
    <Version Value="9"/>
    <PathDelim Value="\"/>
    <General>
      <Flags>
        <MainUnitHasCreateFormStatements Value="False"/>
        <MainUnitHasTitleStatement Value="False"/>
      </Flags>
      <MainUnit Value="0"/>
      <Title Value="ds2cdc"/>
      <ResourceType Value="res"/>
      <UseXPManifest Value="True"/>
      <Icon Value="0"/>
      <ActiveWindowIndexAtStart Value="0"/>
    </General>
    <i18n>
      <EnableI18N LFM="False"/>
    </i18n>
    <VersionInfo>
      <StringTable ProductVersion=""/>
    </VersionInfo>
    <BuildModes Count="1" Active="Default">
      <Item1 Name="Default" Default="True"/>
    </BuildModes>
    <PublishOptions>
      <Version Value="2"/>
      <IncludeFileFilter Value="*.(pas|pp|inc|lfm|lpr|lrs|lpi|lpk|sh|xml)"/>
      <ExcludeFileFilter Value="*.(bak|ppu|o|so);*~;backup"/>
    </PublishOptions>
    <RunParams>
      <local>
        <FormatVersion Value="1"/>
        <HostApplicationFilename Value="C:\Program Files\Deepsky Astronomy Software\Deepsky.exe"/>
        <LaunchingApplication PathPlusParams="\usr\bin\xterm -T 'Lazarus Run Output' -e $(LazarusDir)\tools\runwait.sh $(TargetCmdLine)"/>
        <WorkingDirectory Value="C:\Program Files\Deepsky Astronomy Software\"/>
      </local>
    </RunParams>
    <RequiredPackages Count="3">
      <Item1>
        <PackageName Value="LCL"/>
      </Item1>
      <Item2>
        <PackageName Value="FCL"/>
      </Item2>
      <Item3>
        <PackageName Value="synapse"/>
      </Item3>
    </RequiredPackages>
    <Units Count="17">
      <Unit0>
        <Filename Value="ds2cdc.lpr"/>
        <IsPartOfProject Value="True"/>
        <UnitName Value="ds2cdc"/>
        <EditorIndex Value="2"/>
        <WindowIndex Value="0"/>
        <TopLine Value="9"/>
        <CursorPos X="25" Y="37"/>
        <UsageCount Value="32"/>
        <Loaded Value="True"/>
      </Unit0>
      <Unit1>
        <Filename Value="Sky_DDE_util.pas"/>
        <IsPartOfProject Value="True"/>
        <UnitName Value="Sky_DDE_Util"/>
        <EditorIndex Value="1"/>
        <WindowIndex Value="0"/>
        <TopLine Value="50"/>
        <CursorPos X="75" Y="105"/>
        <UsageCount Value="32"/>
        <Loaded Value="True"/>
      </Unit1>
      <Unit2>
        <Filename Value="ds2cdc1.pas"/>
        <IsPartOfProject Value="True"/>
        <ComponentName Value="Form1"/>
        <HasResources Value="True"/>
        <ResourceBaseClass Value="Form"/>
        <UnitName Value="ds2cdc1"/>
        <IsVisibleTab Value="True"/>
        <EditorIndex Value="0"/>
        <WindowIndex Value="0"/>
        <TopLine Value="365"/>
        <CursorPos X="19" Y="402"/>
        <UsageCount Value="32"/>
        <Bookmarks Count="1">
          <Item0 X="20" Y="269" ID="1"/>
        </Bookmarks>
        <Loaded Value="True"/>
        <LoadedDesigner Value="True"/>
      </Unit2>
      <Unit3>
        <Filename Value="cu_tcpclient.pas"/>
        <IsPartOfProject Value="True"/>
        <UnitName Value="cu_tcpclient"/>
        <WindowIndex Value="0"/>
        <TopLine Value="12"/>
        <CursorPos X="6" Y="29"/>
        <UsageCount Value="32"/>
      </Unit3>
      <Unit4>
        <Filename Value="..\..\u_util.pas"/>
        <UnitName Value="u_util"/>
        <WindowIndex Value="0"/>
        <TopLine Value="1255"/>
        <CursorPos X="53" Y="1271"/>
        <UsageCount Value="10"/>
      </Unit4>
      <Unit5>
        <Filename Value="C:\lazarus\fpc\2.4.2\source\packages\winunits-base\src\shellapi.pp"/>
        <UnitName Value="ShellApi"/>
        <WindowIndex Value="0"/>
        <TopLine Value="1052"/>
        <CursorPos X="10" Y="1069"/>
        <UsageCount Value="10"/>
      </Unit5>
      <Unit6>
        <Filename Value="C:\lazarus\lcl\extctrls.pp"/>
        <UnitName Value="ExtCtrls"/>
        <WindowIndex Value="0"/>
        <TopLine Value="443"/>
        <CursorPos X="18" Y="460"/>
        <UsageCount Value="10"/>
      </Unit6>
      <Unit7>
        <Filename Value="C:\lazarus\lcl\customtimer.pas"/>
        <UnitName Value="CustomTimer"/>
        <WindowIndex Value="0"/>
        <TopLine Value="40"/>
        <CursorPos X="35" Y="57"/>
        <UsageCount Value="10"/>
      </Unit7>
      <Unit8>
        <Filename Value="C:\lazarus\fpc\2.4.2\source\rtl\win\wininc\func.inc"/>
        <WindowIndex Value="0"/>
        <TopLine Value="645"/>
        <CursorPos X="10" Y="662"/>
        <UsageCount Value="10"/>
      </Unit8>
      <Unit9>
        <Filename Value="C:\lazarus\fpc\2.4.2\source\rtl\objpas\classes\classesh.inc"/>
        <WindowIndex Value="0"/>
        <TopLine Value="1494"/>
        <CursorPos X="15" Y="1511"/>
        <UsageCount Value="12"/>
      </Unit9>
      <Unit10>
        <Filename Value="C:\lazarus\fpc\2.4.2\source\rtl\win\tthread.inc"/>
        <WindowIndex Value="0"/>
        <TopLine Value="96"/>
        <CursorPos X="3" Y="103"/>
        <UsageCount Value="12"/>
      </Unit10>
      <Unit11>
        <Filename Value="..\..\component\synapse\source\lib\blcksock.pas"/>
        <UnitName Value="blcksock"/>
        <WindowIndex Value="0"/>
        <TopLine Value="3101"/>
        <CursorPos X="33" Y="3117"/>
        <UsageCount Value="12"/>
      </Unit11>
      <Unit12>
        <Filename Value="..\..\component\synapse\source\lib\sswin32.inc"/>
        <WindowIndex Value="0"/>
        <TopLine Value="580"/>
        <CursorPos X="15" Y="631"/>
        <UsageCount Value="12"/>
      </Unit12>
      <Unit13>
        <Filename Value="C:\freepascal\fpc\2.4.3\packages\fcl-base\src\base64.pp"/>
        <UnitName Value="base64"/>
        <WindowIndex Value="0"/>
        <TopLine Value="76"/>
        <CursorPos X="28" Y="90"/>
        <UsageCount Value="10"/>
      </Unit13>
      <Unit14>
        <Filename Value="C:\freepascal\fpc\2.4.3\rtl\inc\systemh.inc"/>
        <WindowIndex Value="0"/>
        <TopLine Value="509"/>
        <CursorPos X="17" Y="522"/>
        <UsageCount Value="10"/>
      </Unit14>
      <Unit15>
        <Filename Value="C:\freepascal\fpc\2.4.3\rtl\inc\system.inc"/>
        <WindowIndex Value="0"/>
        <TopLine Value="1283"/>
        <CursorPos X="11" Y="194"/>
        <UsageCount Value="10"/>
      </Unit15>
      <Unit16>
        <Filename Value="C:\freepascal\fpc\2.4.3\rtl\i386\i386.inc"/>
        <WindowIndex Value="0"/>
        <TopLine Value="189"/>
        <CursorPos X="34" Y="192"/>
        <UsageCount Value="10"/>
      </Unit16>
    </Units>
    <JumpHistory Count="30" HistoryIndex="28">
      <Position1>
        <Filename Value="ds2cdc1.pas"/>
        <Caret Line="48" Column="15" TopLine="9"/>
      </Position1>
      <Position2>
        <Filename Value="ds2cdc1.pas"/>
        <Caret Line="258" Column="78" TopLine="219"/>
      </Position2>
      <Position3>
        <Filename Value="ds2cdc1.pas"/>
        <Caret Line="263" Column="77" TopLine="224"/>
      </Position3>
      <Position4>
        <Filename Value="ds2cdc1.pas"/>
        <Caret Line="322" Column="9" TopLine="283"/>
      </Position4>
      <Position5>
        <Filename Value="ds2cdc1.pas"/>
        <Caret Line="339" Column="13" TopLine="300"/>
      </Position5>
      <Position6>
        <Filename Value="ds2cdc1.pas"/>
        <Caret Line="375" Column="11" TopLine="336"/>
      </Position6>
      <Position7>
        <Filename Value="ds2cdc1.pas"/>
        <Caret Line="378" Column="11" TopLine="339"/>
      </Position7>
      <Position8>
        <Filename Value="ds2cdc1.pas"/>
        <Caret Line="401" Column="9" TopLine="362"/>
      </Position8>
      <Position9>
        <Filename Value="ds2cdc1.pas"/>
        <Caret Line="411" Column="9" TopLine="372"/>
      </Position9>
      <Position10>
        <Filename Value="ds2cdc1.pas"/>
        <Caret Line="427" Column="9" TopLine="388"/>
      </Position10>
      <Position11>
        <Filename Value="ds2cdc1.pas"/>
        <Caret Line="440" Column="9" TopLine="401"/>
      </Position11>
      <Position12>
        <Filename Value="ds2cdc1.pas"/>
        <Caret Line="475" Column="9" TopLine="436"/>
      </Position12>
      <Position13>
        <Filename Value="ds2cdc1.pas"/>
        <Caret Line="181" Column="10" TopLine="170"/>
      </Position13>
      <Position14>
        <Filename Value="ds2cdc1.pas"/>
        <Caret Line="186" Column="52" TopLine="170"/>
      </Position14>
      <Position15>
        <Filename Value="ds2cdc1.pas"/>
        <Caret Line="237" Column="20" TopLine="214"/>
      </Position15>
      <Position16>
        <Filename Value="ds2cdc1.pas"/>
        <Caret Line="242" Column="32" TopLine="214"/>
      </Position16>
      <Position17>
        <Filename Value="ds2cdc1.pas"/>
        <Caret Line="1" Column="1" TopLine="1"/>
      </Position17>
      <Position18>
        <Filename Value="ds2cdc1.pas"/>
        <Caret Line="57" Column="8" TopLine="18"/>
      </Position18>
      <Position19>
        <Filename Value="ds2cdc1.pas"/>
        <Caret Line="117" Column="8" TopLine="78"/>
      </Position19>
      <Position20>
        <Filename Value="ds2cdc1.pas"/>
        <Caret Line="171" Column="28" TopLine="132"/>
      </Position20>
      <Position21>
        <Filename Value="ds2cdc1.pas"/>
        <Caret Line="172" Column="25" TopLine="132"/>
      </Position21>
      <Position22>
        <Filename Value="ds2cdc1.pas"/>
        <Caret Line="177" Column="43" TopLine="138"/>
      </Position22>
      <Position23>
        <Filename Value="ds2cdc1.pas"/>
        <Caret Line="203" Column="29" TopLine="164"/>
      </Position23>
      <Position24>
        <Filename Value="ds2cdc1.pas"/>
        <Caret Line="237" Column="64" TopLine="198"/>
      </Position24>
      <Position25>
        <Filename Value="ds2cdc1.pas"/>
        <Caret Line="238" Column="20" TopLine="199"/>
      </Position25>
      <Position26>
        <Filename Value="ds2cdc1.pas"/>
        <Caret Line="332" Column="10" TopLine="295"/>
      </Position26>
      <Position27>
        <Filename Value="ds2cdc1.pas"/>
        <Caret Line="18" Column="20" TopLine="1"/>
      </Position27>
      <Position28>
        <Filename Value="ds2cdc1.pas"/>
        <Caret Line="277" Column="9" TopLine="261"/>
      </Position28>
      <Position29>
        <Filename Value="ds2cdc1.pas"/>
        <Caret Line="402" Column="11" TopLine="378"/>
      </Position29>
      <Position30>
        <Filename Value="ds2cdc1.pas"/>
        <Caret Line="18" Column="20" TopLine="1"/>
      </Position30>
    </JumpHistory>
  </ProjectOptions>
  <CompilerOptions>
    <Version Value="9"/>
    <PathDelim Value="\"/>
    <Target>
      <Filename Value="C:\Program Files\Deepsky Astronomy Software\ds2cdc"/>
    </Target>
    <SearchPaths>
      <IncludeFiles Value="$(ProjOutDir)"/>
      <UnitOutputDirectory Value="lib\$(TargetCPU)-$(TargetOS)"/>
      <LCLWidgetType Value="win32"/>
    </SearchPaths>
    <CodeGeneration>
      <SmartLinkUnit Value="True"/>
      <TargetCPU Value="i386"/>
      <TargetOS Value="win32"/>
    </CodeGeneration>
    <Linking>
      <Debugging>
        <StripSymbols Value="True"/>
      </Debugging>
      <LinkSmart Value="True"/>
      <Options>
        <ExecutableType Value="Library"/>
      </Options>
    </Linking>
    <Other>
      <CompilerMessages>
        <UseMsgFile Value="True"/>
      </CompilerMessages>
      <CompilerPath Value="$(CompPath)"/>
    </Other>
  </CompilerOptions>
  <Debugging>
    <Exceptions Count="3">
      <Item1>
        <Name Value="EAbort"/>
      </Item1>
      <Item2>
        <Name Value="ECodetoolError"/>
      </Item2>
      <Item3>
        <Name Value="EFOpenError"/>
      </Item3>
    </Exceptions>
  </Debugging>
</CONFIG>
